PODS:
  - Bolts/Tasks (1.2.1)
  - DGActivityIndicatorView (1.0)
  - HSDatePickerViewController (1.0.1)
  - LMDropdownView (1.0.2)
  - Parse (1.8.2):
    - Bolts/Tasks (>= 1.2.1)

DEPENDENCIES:
  - DGActivityIndicatorView
  - HSDatePickerViewController (~> 1.0)
  - LMDropdownView
  - Parse

SPEC CHECKSUMS:
  Bolts: 7686a5cb204d1ac54cee26f12d9b7622db3f80d1
  DGActivityIndicatorView: 980091f8d8cc647a1af7804660272e64aef9e516
  HSDatePickerViewController: b292f2a53b2644a68aa5e1343053d2f3554de64c
  LMDropdownView: 50188c9678eab3690153993d1824b7235d9b7edc
  Parse: 188601c6cd91fae55906badd283b513104a3a8c9

COCOAPODS: 0.36.3
